
Microsoft Visual Studio Solution File, Format Version 12.00
# Visual Studio 15
VisualStudioVersion = 15.0.28307.489
MinimumVisualStudioVersion = 10.0.40219.1
Project("{9A19103F-16F7-4668-BE54-9A1E7A4F7556}") = "BigTry64", "BigTry64.csproj", "{A68E5E71-35BB-437A-9BAE-7E202A102972}"
EndProject
Global
	GlobalSection(SolutionConfigurationPlatforms) = preSolution
		Debug|Any CPU = Debug|Any CPU
		Release|Any CPU = Release|Any CPU
	EndGlobalSection
	GlobalSection(ProjectConfigurationPlatforms) = postSolution
		{A68E5E71-35BB-437A-9BAE-7E202A102972}.Debug|Any CPU.ActiveCfg = Debug|Any CPU
		{A68E5E71-35BB-437A-9BAE-7E202A102972}.Debug|Any CPU.Build.0 = Debug|Any CPU
		{A68E5E71-35BB-437A-9BAE-7E202A102972}.Release|Any CPU.ActiveCfg = Release|Any CPU
		{A68E5E71-35BB-437A-9BAE-7E202A102972}.Release|Any CPU.Build.0 = Release|Any CPU
	EndGlobalSection
	GlobalSection(SolutionProperties) = preSolution
		HideSolutionNode = FALSE
	EndGlobalSection
	GlobalSection(ExtensibilityGlobals) = postSolution
		SolutionGuid = {B5FDD452-5CA9-4DFD-A2B1-3B38C309643F}
	EndGlobalSection
EndGlobal
